// !$*UTF8*$!
{
	archiveVersion = 1;
	classes = {
	};
	objectVersion = 48;
	objects = {

/* Begin PBXBuildFile section */
		E612E2AD8C8CDE299DA03F4C /* Pods_AskAway.framework in Frameworks */ = {isa = PBXBuildFile; fileRef = 2D0A9F18CBCC43E498DF2759 /* Pods_AskAway.framework */; };
		EF306815207998F1007B4F4B /* AppDelegate.swift in Sources */ = {isa = PBXBuildFile; fileRef = EF306814207998F1007B4F4B /* AppDelegate.swift */; };
		EF30681A207998F1007B4F4B /* Main.storyboard in Resources */ = {isa = PBXBuildFile; fileRef = EF306818207998F1007B4F4B /* Main.storyboard */; };
		EF30681C207998F1007B4F4B /* Assets.xcassets in Resources */ = {isa = PBXBuildFile; fileRef = EF30681B207998F1007B4F4B /* Assets.xcassets */; };
		EF30681F207998F1007B4F4B /* LaunchScreen.storyboard in Resources */ = {isa = PBXBuildFile; fileRef = EF30681D207998F1007B4F4B /* LaunchScreen.storyboard */; };
		EF3068272079A23B007B4F4B /* sessionCustomCell.swift in Sources */ = {isa = PBXBuildFile; fileRef = EF3068262079A23B007B4F4B /* sessionCustomCell.swift */; };
		EF3068292079AD4B007B4F4B /* Session.swift in Sources */ = {isa = PBXBuildFile; fileRef = EF3068282079AD4B007B4F4B /* Session.swift */; };
		EF30682D2079B08E007B4F4B /* GoogleService-Info.plist in Resources */ = {isa = PBXBuildFile; fileRef = EF30682C2079AE69007B4F4B /* GoogleService-Info.plist */; };
		EF30682F2079B399007B4F4B /* addViewController.swift in Sources */ = {isa = PBXBuildFile; fileRef = EF30682E2079B399007B4F4B /* addViewController.swift */; };
		EF3068332079C00E007B4F4B /* db.swift in Sources */ = {isa = PBXBuildFile; fileRef = EF3068322079C00E007B4F4B /* db.swift */; };
		EF497E0A2087C4C100280B58 /* Profile.swift in Sources */ = {isa = PBXBuildFile; fileRef = EF497E092087C4C100280B58 /* Profile.swift */; };
		EF497E21208803BB00280B58 /* HomeTab1ViewController.swift in Sources */ = {isa = PBXBuildFile; fileRef = EF497E20208803BB00280B58 /* HomeTab1ViewController.swift */; };
		EF497E23208803C100280B58 /* HomeTab2ViewController.swift in Sources */ = {isa = PBXBuildFile; fileRef = EF497E22208803C100280B58 /* HomeTab2ViewController.swift */; };
		EF499268208A77060007F61F /* HomeScreenViewController.swift in Sources */ = {isa = PBXBuildFile; fileRef = EF499267208A77060007F61F /* HomeScreenViewController.swift */; };
		EF6657D52085ECE400E1DE47 /* signUpMenuViewController.swift in Sources */ = {isa = PBXBuildFile; fileRef = EF6657D42085ECE400E1DE47 /* signUpMenuViewController.swift */; };
		EF6657D7208728D700E1DE47 /* LoginViewController.swift in Sources */ = {isa = PBXBuildFile; fileRef = EF6657D6208728D700E1DE47 /* LoginViewController.swift */; };
		EF6657D92087294500E1DE47 /* RoundedWhiteButton.swift in Sources */ = {isa = PBXBuildFile; fileRef = EF6657D82087294500E1DE47 /* RoundedWhiteButton.swift */; };
		EF6657DB2087298900E1DE47 /* SignUpViewController.swift in Sources */ = {isa = PBXBuildFile; fileRef = EF6657DA2087298900E1DE47 /* SignUpViewController.swift */; };
		EF6657DD20872A1300E1DE47 /* Extensions.swift in Sources */ = {isa = PBXBuildFile; fileRef = EF6657DC20872A1300E1DE47 /* Extensions.swift */; };
		EF6657E020872C1300E1DE47 /* Confetti_Stream.ttf in Resources */ = {isa = PBXBuildFile; fileRef = EF6657DF20872C1300E1DE47 /* Confetti_Stream.ttf */; };
		EF6657ED20872DC200E1DE47 /* OpenSans-Regular.ttf in Resources */ = {isa = PBXBuildFile; fileRef = EF6657E320872DBB00E1DE47 /* OpenSans-Regular.ttf */; };
		EF6657EE20872DC200E1DE47 /* OpenSans-Semibold.ttf in Resources */ = {isa = PBXBuildFile; fileRef = EF6657E420872DBB00E1DE47 /* OpenSans-Semibold.ttf */; };
		EF6657EF20872DC200E1DE47 /* OpenSans-Italic.ttf in Resources */ = {isa = PBXBuildFile; fileRef = EF6657E520872DBC00E1DE47 /* OpenSans-Italic.ttf */; };
		EF6657F020872DC200E1DE47 /* OpenSans-ExtraBoldItalic.ttf in Resources */ = {isa = PBXBuildFile; fileRef = EF6657E620872DBD00E1DE47 /* OpenSans-ExtraBoldItalic.ttf */; };
		EF6657F120872DC200E1DE47 /* OpenSans-SemiboldItalic.ttf in Resources */ = {isa = PBXBuildFile; fileRef = EF6657E720872DBD00E1DE47 /* OpenSans-SemiboldItalic.ttf */; };
		EF6657F220872DC200E1DE47 /* OpenSans-LightItalic.ttf in Resources */ = {isa = PBXBuildFile; fileRef = EF6657E820872DBE00E1DE47 /* OpenSans-LightItalic.ttf */; };
		EF6657F320872DC200E1DE47 /* OpenSans-BoldItalic.ttf in Resources */ = {isa = PBXBuildFile; fileRef = EF6657E920872DBF00E1DE47 /* OpenSans-BoldItalic.ttf */; };
		EF6657F420872DC200E1DE47 /* OpenSans-Bold.ttf in Resources */ = {isa = PBXBuildFile; fileRef = EF6657EA20872DBF00E1DE47 /* OpenSans-Bold.ttf */; };
		EF6657F520872DC200E1DE47 /* OpenSans-ExtraBold.ttf in Resources */ = {isa = PBXBuildFile; fileRef = EF6657EB20872DC000E1DE47 /* OpenSans-ExtraBold.ttf */; };
		EF6657F620872DC200E1DE47 /* OpenSans-Light.ttf in Resources */ = {isa = PBXBuildFile; fileRef = EF6657EC20872DC100E1DE47 /* OpenSans-Light.ttf */; };
		EFCB604A208C8A3B004B54D9 /* QuestionsViewController.swift in Sources */ = {isa = PBXBuildFile; fileRef = EFCB6049208C8A3B004B54D9 /* QuestionsViewController.swift */; };
		EFCB604C208C8AAD004B54D9 /* SessionHomeViewController.swift in Sources */ = {isa = PBXBuildFile; fileRef = EFCB604B208C8AAD004B54D9 /* SessionHomeViewController.swift */; };
		EFF79796208D5DB1007823DF /* QueueViewController.swift in Sources */ = {isa = PBXBuildFile; fileRef = EFF79795208D5DB1007823DF /* QueueViewController.swift */; };
		EFF79798208D81FC007823DF /* questionHeaderViewCell.swift in Sources */ = {isa = PBXBuildFile; fileRef = EFF79797208D81FC007823DF /* questionHeaderViewCell.swift */; };
		EFF7979D208DB2A6007823DF /* PasswordModalViewController.swift in Sources */ = {isa = PBXBuildFile; fileRef = EFF7979B208DB2A6007823DF /* PasswordModalViewController.swift */; };
		EFF7979E208DB2A6007823DF /* PasswordModalViewController.xib in Resources */ = {isa = PBXBuildFile; fileRef = EFF7979C208DB2A6007823DF /* PasswordModalViewController.xib */; };
		EFFDEDC7208DDBD6007D1F0A /* queueHeaderViewCell.swift in Sources */ = {isa = PBXBuildFile; fileRef = EFFDEDC6208DDBD6007D1F0A /* queueHeaderViewCell.swift */; };
		EFFDEDC9208DDE47007D1F0A /* queueCell.swift in Sources */ = {isa = PBXBuildFile; fileRef = EFFDEDC8208DDE47007D1F0A /* queueCell.swift */; };
		EFFDEDCC208DE8EE007D1F0A /* QuestionModalViewController.swift in Sources */ = {isa = PBXBuildFile; fileRef = EFFDEDCA208DE8EE007D1F0A /* QuestionModalViewController.swift */; };
		EFFDEDCD208DE8EE007D1F0A /* QuestionModalViewController.xib in Resources */ = {isa = PBXBuildFile; fileRef = EFFDEDCB208DE8EE007D1F0A /* QuestionModalViewController.xib */; };
		EFFDEDCF208DEDA1007D1F0A /* Question.swift in Sources */ = {isa = PBXBuildFile; fileRef = EFFDEDCE208DEDA1007D1F0A /* Question.swift */; };
		EFFDEDD7208E2F8D007D1F0A /* MessageCell.swift in Sources */ = {isa = PBXBuildFile; fileRef = EFFDEDD6208E2F8D007D1F0A /* MessageCell.swift */; };
		EFFDEDD9208E3151007D1F0A /* ChatViewController.swift in Sources */ = {isa = PBXBuildFile; fileRef = EFFDEDD8208E3151007D1F0A /* ChatViewController.swift */; };
/* End PBXBuildFile section */

/* Begin PBXFileReference section */
		2D0A9F18CBCC43E498DF2759 /* Pods_AskAway.framework */ = {isa = PBXFileReference; explicitFileType = wrapper.framework; includeInIndex = 0; path = Pods_AskAway.framework; sourceTree = BUILT_PRODUCTS_DIR; };
		AEED0D166D7853550397D014 /* Pods-AskAway.release.xcconfig */ = {isa = PBXFileReference; includeInIndex = 1; lastKnownFileType = text.xcconfig; name = "Pods-AskAway.release.xcconfig"; path = "Pods/Target Support Files/Pods-AskAway/Pods-AskAway.release.xcconfig"; sourceTree = "<group>"; };
		BC19B284AE3B0B4CEFA27507 /* Pods-AskAway.debug.xcconfig */ = {isa = PBXFileReference; includeInIndex = 1; lastKnownFileType = text.xcconfig; name = "Pods-AskAway.debug.xcconfig"; path = "Pods/Target Support Files/Pods-AskAway/Pods-AskAway.debug.xcconfig"; sourceTree = "<group>"; };
		EF306811207998F1007B4F4B /* AskAway.app */ = {isa = PBXFileReference; explicitFileType = wrapper.application; includeInIndex = 0; path = AskAway.app; sourceTree = BUILT_PRODUCTS_DIR; };
		EF306814207998F1007B4F4B /* AppDelegate.swift */ = {isa = PBXFileReference; lastKnownFileType = sourcecode.swift; path = AppDelegate.swift; sourceTree = "<group>"; };
		EF306819207998F1007B4F4B /* Base */ = {isa = PBXFileReference; lastKnownFileType = file.storyboard; name = Base; path = Base.lproj/Main.storyboard; sourceTree = "<group>"; };
		EF30681B207998F1007B4F4B /* Assets.xcassets */ = {isa = PBXFileReference; lastKnownFileType = folder.assetcatalog; path = Assets.xcassets; sourceTree = "<group>"; };
		EF30681E207998F1007B4F4B /* Base */ = {isa = PBXFileReference; lastKnownFileType = file.storyboard; name = Base; path = Base.lproj/LaunchScreen.storyboard; sourceTree = "<group>"; };
		EF306820207998F1007B4F4B /* Info.plist */ = {isa = PBXFileReference; lastKnownFileType = text.plist.xml; path = Info.plist; sourceTree = "<group>"; };
		EF3068262079A23B007B4F4B /* sessionCustomCell.swift */ = {isa = PBXFileReference; lastKnownFileType = sourcecode.swift; path = sessionCustomCell.swift; sourceTree = "<group>"; };
		EF3068282079AD4B007B4F4B /* Session.swift */ = {isa = PBXFileReference; lastKnownFileType = sourcecode.swift; path = Session.swift; sourceTree = "<group>"; };
		EF30682C2079AE69007B4F4B /* GoogleService-Info.plist */ = {isa = PBXFileReference; lastKnownFileType = text.plist.xml; path = "GoogleService-Info.plist"; sourceTree = "<group>"; };
		EF30682E2079B399007B4F4B /* addViewController.swift */ = {isa = PBXFileReference; lastKnownFileType = sourcecode.swift; path = addViewController.swift; sourceTree = "<group>"; };
		EF3068322079C00E007B4F4B /* db.swift */ = {isa = PBXFileReference; lastKnownFileType = sourcecode.swift; path = db.swift; sourceTree = "<group>"; };
		EF497E092087C4C100280B58 /* Profile.swift */ = {isa = PBXFileReference; lastKnownFileType = sourcecode.swift; path = Profile.swift; sourceTree = "<group>"; };
		EF497E20208803BB00280B58 /* HomeTab1ViewController.swift */ = {isa = PBXFileReference; lastKnownFileType = sourcecode.swift; path = HomeTab1ViewController.swift; sourceTree = "<group>"; };
		EF497E22208803C100280B58 /* HomeTab2ViewController.swift */ = {isa = PBXFileReference; lastKnownFileType = sourcecode.swift; path = HomeTab2ViewController.swift; sourceTree = "<group>"; };
		EF499267208A77060007F61F /* HomeScreenViewController.swift */ = {isa = PBXFileReference; lastKnownFileType = sourcecode.swift; path = HomeScreenViewController.swift; sourceTree = "<group>"; };
		EF6657D42085ECE400E1DE47 /* signUpMenuViewController.swift */ = {isa = PBXFileReference; lastKnownFileType = sourcecode.swift; path = signUpMenuViewController.swift; sourceTree = "<group>"; };
		EF6657D6208728D700E1DE47 /* LoginViewController.swift */ = {isa = PBXFileReference; lastKnownFileType = sourcecode.swift; path = LoginViewController.swift; sourceTree = "<group>"; };
		EF6657D82087294500E1DE47 /* RoundedWhiteButton.swift */ = {isa = PBXFileReference; lastKnownFileType = sourcecode.swift; path = RoundedWhiteButton.swift; sourceTree = "<group>"; };
		EF6657DA2087298900E1DE47 /* SignUpViewController.swift */ = {isa = PBXFileReference; lastKnownFileType = sourcecode.swift; path = SignUpViewController.swift; sourceTree = "<group>"; };
		EF6657DC20872A1300E1DE47 /* Extensions.swift */ = {isa = PBXFileReference; lastKnownFileType = sourcecode.swift; path = Extensions.swift; sourceTree = "<group>"; };
		EF6657DF20872C1300E1DE47 /* Confetti_Stream.ttf */ = {isa = PBXFileReference; lastKnownFileType = file; name = Confetti_Stream.ttf; path = "../../../../../../../../Downloads/cow-jump/Confetti_Stream.ttf"; sourceTree = "<group>"; };
		EF6657E320872DBB00E1DE47 /* OpenSans-Regular.ttf */ = {isa = PBXFileReference; lastKnownFileType = file; name = "OpenSans-Regular.ttf"; path = "../../../../../../../../Downloads/open-sans (1)/OpenSans-Regular.ttf"; sourceTree = "<group>"; };
		EF6657E420872DBB00E1DE47 /* OpenSans-Semibold.ttf */ = {isa = PBXFileReference; lastKnownFileType = file; name = "OpenSans-Semibold.ttf"; path = "../../../../../../../../Downloads/open-sans (1)/OpenSans-Semibold.ttf"; sourceTree = "<group>"; };
		EF6657E520872DBC00E1DE47 /* OpenSans-Italic.ttf */ = {isa = PBXFileReference; lastKnownFileType = file; name = "OpenSans-Italic.ttf"; path = "../../../../../../../../Downloads/open-sans (1)/OpenSans-Italic.ttf"; sourceTree = "<group>"; };
		EF6657E620872DBD00E1DE47 /* OpenSans-ExtraBoldItalic.ttf */ = {isa = PBXFileReference; lastKnownFileType = file; name = "OpenSans-ExtraBoldItalic.ttf"; path = "../../../../../../../../Downloads/open-sans (1)/OpenSans-ExtraBoldItalic.ttf"; sourceTree = "<group>"; };
		EF6657E720872DBD00E1DE47 /* OpenSans-SemiboldItalic.ttf */ = {isa = PBXFileReference; lastKnownFileType = file; name = "OpenSans-SemiboldItalic.ttf"; path = "../../../../../../../../Downloads/open-sans (1)/OpenSans-SemiboldItalic.ttf"; sourceTree = "<group>"; };
		EF6657E820872DBE00E1DE47 /* OpenSans-LightItalic.ttf */ = {isa = PBXFileReference; lastKnownFileType = file; name = "OpenSans-LightItalic.ttf"; path = "../../../../../../../../Downloads/open-sans (1)/OpenSans-LightItalic.ttf"; sourceTree = "<group>"; };
		EF6657E920872DBF00E1DE47 /* OpenSans-BoldItalic.ttf */ = {isa = PBXFileReference; lastKnownFileType = file; name = "OpenSans-BoldItalic.ttf"; path = "../../../../../../../../Downloads/open-sans (1)/OpenSans-BoldItalic.ttf"; sourceTree = "<group>"; };
		EF6657EA20872DBF00E1DE47 /* OpenSans-Bold.ttf */ = {isa = PBXFileReference; lastKnownFileType = file; name = "OpenSans-Bold.ttf"; path = "../../../../../../../../Downloads/open-sans (1)/OpenSans-Bold.ttf"; sourceTree = "<group>"; };
		EF6657EB20872DC000E1DE47 /* OpenSans-ExtraBold.ttf */ = {isa = PBXFileReference; lastKnownFileType = file; name = "OpenSans-ExtraBold.ttf"; path = "../../../../../../../../Downloads/open-sans (1)/OpenSans-ExtraBold.ttf"; sourceTree = "<group>"; };
		EF6657EC20872DC100E1DE47 /* OpenSans-Light.ttf */ = {isa = PBXFileReference; lastKnownFileType = file; name = "OpenSans-Light.ttf"; path = "../../../../../../../../Downloads/open-sans (1)/OpenSans-Light.ttf"; sourceTree = "<group>"; };
		EFCB6049208C8A3B004B54D9 /* QuestionsViewController.swift */ = {isa = PBXFileReference; lastKnownFileType = sourcecode.swift; path = QuestionsViewController.swift; sourceTree = "<group>"; };
		EFCB604B208C8AAD004B54D9 /* SessionHomeViewController.swift */ = {isa = PBXFileReference; lastKnownFileType = sourcecode.swift; path = SessionHomeViewController.swift; sourceTree = "<group>"; };
		EFF79795208D5DB1007823DF /* QueueViewController.swift */ = {isa = PBXFileReference; lastKnownFileType = sourcecode.swift; path = QueueViewController.swift; sourceTree = "<group>"; };
		EFF79797208D81FC007823DF /* questionHeaderViewCell.swift */ = {isa = PBXFileReference; lastKnownFileType = sourcecode.swift; path = questionHeaderViewCell.swift; sourceTree = "<group>"; };
		EFF7979B208DB2A6007823DF /* PasswordModalViewController.swift */ = {isa = PBXFileReference; lastKnownFileType = sourcecode.swift; path = PasswordModalViewController.swift; sourceTree = "<group>"; };
		EFF7979C208DB2A6007823DF /* PasswordModalViewController.xib */ = {isa = PBXFileReference; lastKnownFileType = file.xib; path = PasswordModalViewController.xib; sourceTree = "<group>"; };
		EFFDEDC6208DDBD6007D1F0A /* queueHeaderViewCell.swift */ = {isa = PBXFileReference; lastKnownFileType = sourcecode.swift; path = queueHeaderViewCell.swift; sourceTree = "<group>"; };
		EFFDEDC8208DDE47007D1F0A /* queueCell.swift */ = {isa = PBXFileReference; lastKnownFileType = sourcecode.swift; path = queueCell.swift; sourceTree = "<group>"; };
		EFFDEDCA208DE8EE007D1F0A /* QuestionModalViewController.swift */ = {isa = PBXFileReference; lastKnownFileType = sourcecode.swift; path = QuestionModalViewController.swift; sourceTree = "<group>"; };
		EFFDEDCB208DE8EE007D1F0A /* QuestionModalViewController.xib */ = {isa = PBXFileReference; lastKnownFileType = file.xib; path = QuestionModalViewController.xib; sourceTree = "<group>"; };
		EFFDEDCE208DEDA1007D1F0A /* Question.swift */ = {isa = PBXFileReference; lastKnownFileType = sourcecode.swift; path = Question.swift; sourceTree = "<group>"; };
		EFFDEDD6208E2F8D007D1F0A /* MessageCell.swift */ = {isa = PBXFileReference; lastKnownFileType = sourcecode.swift; path = MessageCell.swift; sourceTree = "<group>"; };
		EFFDEDD8208E3151007D1F0A /* ChatViewController.swift */ = {isa = PBXFileReference; lastKnownFileType = sourcecode.swift; path = ChatViewController.swift; sourceTree = "<group>"; };
/* End PBXFileReference section */

/* Begin PBXFrameworksBuildPhase section */
		EF30680E207998F1007B4F4B /* Frameworks */ = {
			isa = PBXFrameworksBuildPhase;
			buildActionMask = 2147483647;
			files = (
				E612E2AD8C8CDE299DA03F4C /* Pods_AskAway.framework in Frameworks */,
			);
			runOnlyForDeploymentPostprocessing = 0;
		};
/* End PBXFrameworksBuildPhase section */

/* Begin PBXGroup section */
		4AE8077C0AAE00E3AC72BDD4 /* Frameworks */ = {
			isa = PBXGroup;
			children = (
				2D0A9F18CBCC43E498DF2759 /* Pods_AskAway.framework */,
			);
			name = Frameworks;
			sourceTree = "<group>";
		};
		E23C02B13BB44CF2BCAA2848 /* Pods */ = {
			isa = PBXGroup;
			children = (
				BC19B284AE3B0B4CEFA27507 /* Pods-AskAway.debug.xcconfig */,
				AEED0D166D7853550397D014 /* Pods-AskAway.release.xcconfig */,
			);
			name = Pods;
			sourceTree = "<group>";
		};
		EF306808207998F1007B4F4B = {
			isa = PBXGroup;
			children = (
				EF306813207998F1007B4F4B /* AskAway */,
				EF306812207998F1007B4F4B /* Products */,
				E23C02B13BB44CF2BCAA2848 /* Pods */,
				4AE8077C0AAE00E3AC72BDD4 /* Frameworks */,
			);
			sourceTree = "<group>";
		};
		EF306812207998F1007B4F4B /* Products */ = {
			isa = PBXGroup;
			children = (
				EF306811207998F1007B4F4B /* AskAway.app */,
			);
			name = Products;
			sourceTree = "<group>";
		};
		EF306813207998F1007B4F4B /* AskAway */ = {
			isa = PBXGroup;
			children = (
				EFFDEDDB208E5547007D1F0A /* Model */,
				EF306814207998F1007B4F4B /* AppDelegate.swift */,
				EF6657DE20872C0200E1DE47 /* Fonts */,
				EFFDEDDA208E551B007D1F0A /* Home Controllers */,
				EF306818207998F1007B4F4B /* Main.storyboard */,
				EFFDEDDE208E55B3007D1F0A /* Popovers */,
				EFFDEDDD208E558D007D1F0A /* Session Controllers */,
				EFFDEDDC208E556A007D1F0A /* Custom Cells */,
				EF497E0420876A6000280B58 /* Home Pages */,
				EFFDEDDF208E55CB007D1F0A /* SignUp and Login */,
				EF30681B207998F1007B4F4B /* Assets.xcassets */,
				EF30681D207998F1007B4F4B /* LaunchScreen.storyboard */,
				EF306820207998F1007B4F4B /* Info.plist */,
				EF30682C2079AE69007B4F4B /* GoogleService-Info.plist */,
			);
			path = AskAway;
			sourceTree = "<group>";
		};
		EF497E0420876A6000280B58 /* Home Pages */ = {
			isa = PBXGroup;
			children = (
			);
			path = "Home Pages";
			sourceTree = "<group>";
		};
		EF6657DE20872C0200E1DE47 /* Fonts */ = {
			isa = PBXGroup;
			children = (
				EF6657EA20872DBF00E1DE47 /* OpenSans-Bold.ttf */,
				EF6657E920872DBF00E1DE47 /* OpenSans-BoldItalic.ttf */,
				EF6657EB20872DC000E1DE47 /* OpenSans-ExtraBold.ttf */,
				EF6657E620872DBD00E1DE47 /* OpenSans-ExtraBoldItalic.ttf */,
				EF6657E520872DBC00E1DE47 /* OpenSans-Italic.ttf */,
				EF6657EC20872DC100E1DE47 /* OpenSans-Light.ttf */,
				EF6657E820872DBE00E1DE47 /* OpenSans-LightItalic.ttf */,
				EF6657E320872DBB00E1DE47 /* OpenSans-Regular.ttf */,
				EF6657E420872DBB00E1DE47 /* OpenSans-Semibold.ttf */,
				EF6657E720872DBD00E1DE47 /* OpenSans-SemiboldItalic.ttf */,
				EF6657DF20872C1300E1DE47 /* Confetti_Stream.ttf */,
			);
			path = Fonts;
			sourceTree = "<group>";
		};
		EFFDEDDA208E551B007D1F0A /* Home Controllers */ = {
			isa = PBXGroup;
			children = (
				EF30682E2079B399007B4F4B /* addViewController.swift */,
				EF497E20208803BB00280B58 /* HomeTab1ViewController.swift */,
				EF497E22208803C100280B58 /* HomeTab2ViewController.swift */,
				EF499267208A77060007F61F /* HomeScreenViewController.swift */,
			);
			path = "Home Controllers";
			sourceTree = "<group>";
		};
		EFFDEDDB208E5547007D1F0A /* Model */ = {
			isa = PBXGroup;
			children = (
				EFFDEDCE208DEDA1007D1F0A /* Question.swift */,
				EF497E092087C4C100280B58 /* Profile.swift */,
				EF3068282079AD4B007B4F4B /* Session.swift */,
				EF3068322079C00E007B4F4B /* db.swift */,
			);
			path = Model;
			sourceTree = "<group>";
		};
		EFFDEDDC208E556A007D1F0A /* Custom Cells */ = {
			isa = PBXGroup;
			children = (
				EFFDEDC8208DDE47007D1F0A /* queueCell.swift */,
				EFF79797208D81FC007823DF /* questionHeaderViewCell.swift */,
				EFFDEDC6208DDBD6007D1F0A /* queueHeaderViewCell.swift */,
				EF3068262079A23B007B4F4B /* sessionCustomCell.swift */,
				EFFDEDD6208E2F8D007D1F0A /* MessageCell.swift */,
			);
			path = "Custom Cells";
			sourceTree = "<group>";
		};
		EFFDEDDD208E558D007D1F0A /* Session Controllers */ = {
			isa = PBXGroup;
			children = (
				EFFDEDD8208E3151007D1F0A /* ChatViewController.swift */,
				EFF79795208D5DB1007823DF /* QueueViewController.swift */,
				EFCB604B208C8AAD004B54D9 /* SessionHomeViewController.swift */,
				EFCB6049208C8A3B004B54D9 /* QuestionsViewController.swift */,
			);
			path = "Session Controllers";
			sourceTree = "<group>";
		};
		EFFDEDDE208E55B3007D1F0A /* Popovers */ = {
			isa = PBXGroup;
			children = (
				EFFDEDCB208DE8EE007D1F0A /* QuestionModalViewController.xib */,
				EFFDEDCA208DE8EE007D1F0A /* QuestionModalViewController.swift */,
				EFF7979C208DB2A6007823DF /* PasswordModalViewController.xib */,
				EFF7979B208DB2A6007823DF /* PasswordModalViewController.swift */,
			);
			path = Popovers;
			sourceTree = "<group>";
		};
		EFFDEDDF208E55CB007D1F0A /* SignUp and Login */ = {
			isa = PBXGroup;
			children = (
				EF6657D82087294500E1DE47 /* RoundedWhiteButton.swift */,
				EF6657DC20872A1300E1DE47 /* Extensions.swift */,
				EF6657DA2087298900E1DE47 /* SignUpViewController.swift */,
				EF6657D6208728D700E1DE47 /* LoginViewController.swift */,
				EF6657D42085ECE400E1DE47 /* signUpMenuViewController.swift */,
			);
			path = "SignUp and Login";
			sourceTree = "<group>";
		};
/* End PBXGroup section */

/* Begin PBXNativeTarget section */
		EF306810207998F1007B4F4B /* AskAway */ = {
			isa = PBXNativeTarget;
			buildConfigurationList = EF306823207998F1007B4F4B /* Build configuration list for PBXNativeTarget "AskAway" */;
			buildPhases = (
				51C7A2EFECC4AC4D97E43892 /* [CP] Check Pods Manifest.lock */,
				EF30680D207998F1007B4F4B /* Sources */,
				EF30680E207998F1007B4F4B /* Frameworks */,
				EF30680F207998F1007B4F4B /* Resources */,
				6CC5A80145A82009CE5D4E77 /* [CP] Embed Pods Frameworks */,
				8CA511E5775E73744661E9A6 /* [CP] Copy Pods Resources */,
			);
			buildRules = (
			);
			dependencies = (
			);
			name = AskAway;
			productName = AskAway;
			productReference = EF306811207998F1007B4F4B /* AskAway.app */;
			productType = "com.apple.product-type.application";
		};
/* End PBXNativeTarget section */

/* Begin PBXProject section */
		EF306809207998F1007B4F4B /* Project object */ = {
			isa = PBXProject;
			attributes = {
				LastSwiftUpdateCheck = 0920;
				LastUpgradeCheck = 0920;
				ORGANIZATIONNAME = cis195;
				TargetAttributes = {
					EF306810207998F1007B4F4B = {
						CreatedOnToolsVersion = 9.2;
						ProvisioningStyle = Automatic;
					};
				};
			};
			buildConfigurationList = EF30680C207998F1007B4F4B /* Build configuration list for PBXProject "AskAway" */;
			compatibilityVersion = "Xcode 8.0";
			developmentRegion = en;
			hasScannedForEncodings = 0;
			knownRegions = (
				en,
				Base,
			);
			mainGroup = EF306808207998F1007B4F4B;
			productRefGroup = EF306812207998F1007B4F4B /* Products */;
			projectDirPath = "";
			projectRoot = "";
			targets = (
				EF306810207998F1007B4F4B /* AskAway */,
			);
		};
/* End PBXProject section */

/* Begin PBXResourcesBuildPhase section */
		EF30680F207998F1007B4F4B /* Resources */ = {
			isa = PBXResourcesBuildPhase;
			buildActionMask = 2147483647;
			files = (
				EF30681F207998F1007B4F4B /* LaunchScreen.storyboard in Resources */,
				EF6657F020872DC200E1DE47 /* OpenSans-ExtraBoldItalic.ttf in Resources */,
				EF6657EF20872DC200E1DE47 /* OpenSans-Italic.ttf in Resources */,
				EF6657F620872DC200E1DE47 /* OpenSans-Light.ttf in Resources */,
				EF30682D2079B08E007B4F4B /* GoogleService-Info.plist in Resources */,
				EF6657E020872C1300E1DE47 /* Confetti_Stream.ttf in Resources */,
				EFFDEDCD208DE8EE007D1F0A /* QuestionModalViewController.xib in Resources */,
				EF6657F220872DC200E1DE47 /* OpenSans-LightItalic.ttf in Resources */,
				EF6657F320872DC200E1DE47 /* OpenSans-BoldItalic.ttf in Resources */,
				EF30681C207998F1007B4F4B /* Assets.xcassets in Resources */,
				EF6657F120872DC200E1DE47 /* OpenSans-SemiboldItalic.ttf in Resources */,
				EF6657F520872DC200E1DE47 /* OpenSans-ExtraBold.ttf in Resources */,
				EF6657ED20872DC200E1DE47 /* OpenSans-Regular.ttf in Resources */,
				EF6657F420872DC200E1DE47 /* OpenSans-Bold.ttf in Resources */,
				EF6657EE20872DC200E1DE47 /* OpenSans-Semibold.ttf in Resources */,
				EF30681A207998F1007B4F4B /* Main.storyboard in Resources */,
				EFF7979E208DB2A6007823DF /* PasswordModalViewController.xib in Resources */,
			);
			runOnlyForDeploymentPostprocessing = 0;
		};
/* End PBXResourcesBuildPhase section */

/* Begin PBXShellScriptBuildPhase section */
		51C7A2EFECC4AC4D97E43892 /* [CP] Check Pods Manifest.lock */ = {
			isa = PBXShellScriptBuildPhase;
			buildActionMask = 2147483647;
			files = (
			);
			inputPaths = (
				"${PODS_PODFILE_DIR_PATH}/Podfile.lock",
				"${PODS_ROOT}/Manifest.lock",
			);
			name = "[CP] Check Pods Manifest.lock";
			outputPaths = (
				"$(DERIVED_FILE_DIR)/Pods-AskAway-checkManifestLockResult.txt",
			);
			runOnlyForDeploymentPostprocessing = 0;
			shellPath = /bin/sh;
			shellScript = "diff \"${PODS_PODFILE_DIR_PATH}/Podfile.lock\" \"${PODS_ROOT}/Manifest.lock\" > /dev/null\nif [ $? != 0 ] ; then\n    # print error to STDERR\n    echo \"error: The sandbox is not in sync with the Podfile.lock. Run 'pod install' or update your CocoaPods installation.\" >&2\n    exit 1\nfi\n# This output is used by Xcode 'outputs' to avoid re-running this script phase.\necho \"SUCCESS\" > \"${SCRIPT_OUTPUT_FILE_0}\"\n";
			showEnvVarsInLog = 0;
		};
		6CC5A80145A82009CE5D4E77 /* [CP] Embed Pods Frameworks */ = {
			isa = PBXShellScriptBuildPhase;
			buildActionMask = 2147483647;
			files = (
			);
			inputPaths = (
				"${SRCROOT}/Pods/Target Support Files/Pods-AskAway/Pods-AskAway-frameworks.sh",
				"${BUILT_PRODUCTS_DIR}/DGElasticPullToRefresh/DGElasticPullToRefresh.framework",
				"${BUILT_PRODUCTS_DIR}/DynamicBlurView/DynamicBlurView.framework",
				"${BUILT_PRODUCTS_DIR}/GTMSessionFetcher/GTMSessionFetcher.framework",
				"${BUILT_PRODUCTS_DIR}/GoogleToolboxForMac/GoogleToolboxForMac.framework",
				"${BUILT_PRODUCTS_DIR}/PopupDialog/PopupDialog.framework",
				"${BUILT_PRODUCTS_DIR}/SideMenu/SideMenu.framework",
				"${BUILT_PRODUCTS_DIR}/SwiftOverlays/SwiftOverlays.framework",
				"${BUILT_PRODUCTS_DIR}/SwiftyShadow/SwiftyShadow.framework",
				"${BUILT_PRODUCTS_DIR}/XLPagerTabStrip/XLPagerTabStrip.framework",
				"${BUILT_PRODUCTS_DIR}/leveldb-library/leveldb.framework",
				"${BUILT_PRODUCTS_DIR}/nanopb/nanopb.framework",
			);
			name = "[CP] Embed Pods Frameworks";
			outputPaths = (
				"${TARGET_BUILD_DIR}/${FRAMEWORKS_FOLDER_PATH}/DGElasticPullToRefresh.framework",
				"${TARGET_BUILD_DIR}/${FRAMEWORKS_FOLDER_PATH}/DynamicBlurView.framework",
				"${TARGET_BUILD_DIR}/${FRAMEWORKS_FOLDER_PATH}/GTMSessionFetcher.framework",
				"${TARGET_BUILD_DIR}/${FRAMEWORKS_FOLDER_PATH}/GoogleToolboxForMac.framework",
				"${TARGET_BUILD_DIR}/${FRAMEWORKS_FOLDER_PATH}/PopupDialog.framework",
				"${TARGET_BUILD_DIR}/${FRAMEWORKS_FOLDER_PATH}/SideMenu.framework",
				"${TARGET_BUILD_DIR}/${FRAMEWORKS_FOLDER_PATH}/SwiftOverlays.framework",
				"${TARGET_BUILD_DIR}/${FRAMEWORKS_FOLDER_PATH}/SwiftyShadow.framework",
				"${TARGET_BUILD_DIR}/${FRAMEWORKS_FOLDER_PATH}/XLPagerTabStrip.framework",
				"${TARGET_BUILD_DIR}/${FRAMEWORKS_FOLDER_PATH}/leveldb.framework",
				"${TARGET_BUILD_DIR}/${FRAMEWORKS_FOLDER_PATH}/nanopb.framework",
			);
			runOnlyForDeploymentPostprocessing = 0;
			shellPath = /bin/sh;
			shellScript = "\"${SRCROOT}/Pods/Target Support Files/Pods-AskAway/Pods-AskAway-frameworks.sh\"\n";
			showEnvVarsInLog = 0;
		};
		8CA511E5775E73744661E9A6 /* [CP] Copy Pods Resources */ = {
			isa = PBXShellScriptBuildPhase;
			buildActionMask = 2147483647;
			files = (
			);
			inputPaths = (
				"${SRCROOT}/Pods/Target Support Files/Pods-AskAway/Pods-AskAway-resources.sh",
				"${PODS_CONFIGURATION_BUILD_DIR}/FirebaseUI/FirebaseAuthUI.bundle",
				"${PODS_CONFIGURATION_BUILD_DIR}/FirebaseUI/FirebaseFacebookAuthUI.bundle",
				"${PODS_CONFIGURATION_BUILD_DIR}/FirebaseUI/FirebaseGoogleAuthUI.bundle",
				"${PODS_CONFIGURATION_BUILD_DIR}/FirebaseUI/FirebasePhoneAuthUI.bundle",
				"${PODS_CONFIGURATION_BUILD_DIR}/FirebaseUI/FirebaseTwitterAuthUI.bundle",
				"${PODS_ROOT}/GoogleSignIn/Resources/GoogleSignIn.bundle",
				"${PODS_ROOT}/TwitterKit/iOS/TwitterKit.framework/TwitterKitResources.bundle",
				"${PODS_ROOT}/TwitterKit/iOS/TwitterKit.framework/TwitterShareExtensionUIResources.bundle",
			);
			name = "[CP] Copy Pods Resources";
			outputPaths = (
				"${TARGET_BUILD_DIR}/${UNLOCALIZED_RESOURCES_FOLDER_PATH}/FirebaseAuthUI.bundle",
				"${TARGET_BUILD_DIR}/${UNLOCALIZED_RESOURCES_FOLDER_PATH}/FirebaseFacebookAuthUI.bundle",
				"${TARGET_BUILD_DIR}/${UNLOCALIZED_RESOURCES_FOLDER_PATH}/FirebaseGoogleAuthUI.bundle",
				"${TARGET_BUILD_DIR}/${UNLOCALIZED_RESOURCES_FOLDER_PATH}/FirebasePhoneAuthUI.bundle",
				"${TARGET_BUILD_DIR}/${UNLOCALIZED_RESOURCES_FOLDER_PATH}/FirebaseTwitterAuthUI.bundle",
				"${TARGET_BUILD_DIR}/${UNLOCALIZED_RESOURCES_FOLDER_PATH}/GoogleSignIn.bundle",
				"${TARGET_BUILD_DIR}/${UNLOCALIZED_RESOURCES_FOLDER_PATH}/TwitterKitResources.bundle",
				"${TARGET_BUILD_DIR}/${UNLOCALIZED_RESOURCES_FOLDER_PATH}/TwitterShareExtensionUIResources.bundle",
			);
			runOnlyForDeploymentPostprocessing = 0;
			shellPath = /bin/sh;
			shellScript = "\"${SRCROOT}/Pods/Target Support Files/Pods-AskAway/Pods-AskAway-resources.sh\"\n";
			showEnvVarsInLog = 0;
		};
/* End PBXShellScriptBuildPhase section */

/* Begin PBXSourcesBuildPhase section */
		EF30680D207998F1007B4F4B /* Sources */ = {
			isa = PBXSourcesBuildPhase;
			buildActionMask = 2147483647;
			files = (
				EF499268208A77060007F61F /* HomeScreenViewController.swift in Sources */,
				EF6657D52085ECE400E1DE47 /* signUpMenuViewController.swift in Sources */,
				EF497E0A2087C4C100280B58 /* Profile.swift in Sources */,
				EF497E21208803BB00280B58 /* HomeTab1ViewController.swift in Sources */,
				EF3068292079AD4B007B4F4B /* Session.swift in Sources */,
				EF6657D92087294500E1DE47 /* RoundedWhiteButton.swift in Sources */,
				EFCB604C208C8AAD004B54D9 /* SessionHomeViewController.swift in Sources */,
				EF3068332079C00E007B4F4B /* db.swift in Sources */,
				EFF79796208D5DB1007823DF /* QueueViewController.swift in Sources */,
				EFFDEDC7208DDBD6007D1F0A /* queueHeaderViewCell.swift in Sources */,
				EFFDEDD7208E2F8D007D1F0A /* MessageCell.swift in Sources */,
				EF6657DB2087298900E1DE47 /* SignUpViewController.swift in Sources */,
				EFF79798208D81FC007823DF /* questionHeaderViewCell.swift in Sources */,
				EFFDEDC9208DDE47007D1F0A /* queueCell.swift in Sources */,
				EF3068272079A23B007B4F4B /* sessionCustomCell.swift in Sources */,
				EF497E23208803C100280B58 /* HomeTab2ViewController.swift in Sources */,
				EFF7979D208DB2A6007823DF /* PasswordModalViewController.swift in Sources */,
				EF6657D7208728D700E1DE47 /* LoginViewController.swift in Sources */,
				EFFDEDD9208E3151007D1F0A /* ChatViewController.swift in Sources */,
				EFCB604A208C8A3B004B54D9 /* QuestionsViewController.swift in Sources */,
				EFFDEDCF208DEDA1007D1F0A /* Question.swift in Sources */,
				EFFDEDCC208DE8EE007D1F0A /* QuestionModalViewController.swift in Sources */,
				EF30682F2079B399007B4F4B /* addViewController.swift in Sources */,
				EF6657DD20872A1300E1DE47 /* Extensions.swift in Sources */,
				EF306815207998F1007B4F4B /* AppDelegate.swift in Sources */,
			);
			runOnlyForDeploymentPostprocessing = 0;
		};
/* End PBXSourcesBuildPhase section */

/* Begin PBXVariantGroup section */
		EF306818207998F1007B4F4B /* Main.storyboard */ = {
			isa = PBXVariantGroup;
			children = (
				EF306819207998F1007B4F4B /* Base */,
			);
			name = Main.storyboard;
			sourceTree = "<group>";
		};
		EF30681D207998F1007B4F4B /* LaunchScreen.storyboard */ = {
			isa = PBXVariantGroup;
			children = (
				EF30681E207998F1007B4F4B /* Base */,
			);
			name = LaunchScreen.storyboard;
			sourceTree = "<group>";
		};
/* End PBXVariantGroup section */

/* Begin XCBuildConfiguration section */
		EF306821207998F1007B4F4B /* Debug */ = {
			isa = XCBuildConfiguration;
			buildSettings = {
				ALWAYS_SEARCH_USER_PATHS = NO;
				CLANG_ANALYZER_NONNULL = YES;
				CLANG_ANALYZER_NUMBER_OBJECT_CONVERSION = YES_AGGRESSIVE;
				CLANG_CXX_LANGUAGE_STANDARD = "gnu++14";
				CLANG_CXX_LIBRARY = "libc++";
				CLANG_ENABLE_MODULES = YES;
				CLANG_ENABLE_OBJC_ARC = YES;
				CLANG_WARN_BLOCK_CAPTURE_AUTORELEASING = YES;
				CLANG_WARN_BOOL_CONVERSION = YES;
				CLANG_WARN_COMMA = YES;
				CLANG_WARN_CONSTANT_CONVERSION = YES;
				CLANG_WARN_DIRECT_OBJC_ISA_USAGE = YES_ERROR;
				CLANG_WARN_DOCUMENTATION_COMMENTS = YES;
				CLANG_WARN_EMPTY_BODY = YES;
				CLANG_WARN_ENUM_CONVERSION = YES;
				CLANG_WARN_INFINITE_RECURSION = YES;
				CLANG_WARN_INT_CONVERSION = YES;
				CLANG_WARN_NON_LITERAL_NULL_CONVERSION = YES;
				CLANG_WARN_OBJC_LITERAL_CONVERSION = YES;
				CLANG_WARN_OBJC_ROOT_CLASS = YES_ERROR;
				CLANG_WARN_RANGE_LOOP_ANALYSIS = YES;
				CLANG_WARN_STRICT_PROTOTYPES = YES;
				CLANG_WARN_SUSPICIOUS_MOVE = YES;
				CLANG_WARN_UNGUARDED_AVAILABILITY = YES_AGGRESSIVE;
				CLANG_WARN_UNREACHABLE_CODE = YES;
				CLANG_WARN__DUPLICATE_METHOD_MATCH = YES;
				CODE_SIGN_IDENTITY = "iPhone Developer";
				COPY_PHASE_STRIP = NO;
				DEBUG_INFORMATION_FORMAT = dwarf;
				ENABLE_STRICT_OBJC_MSGSEND = YES;
				ENABLE_TESTABILITY = YES;
				GCC_C_LANGUAGE_STANDARD = gnu11;
				GCC_DYNAMIC_NO_PIC = NO;
				GCC_NO_COMMON_BLOCKS = YES;
				GCC_OPTIMIZATION_LEVEL = 0;
				GCC_PREPROCESSOR_DEFINITIONS = (
					"DEBUG=1",
					"$(inherited)",
				);
				GCC_WARN_64_TO_32_BIT_CONVERSION = YES;
				GCC_WARN_ABOUT_RETURN_TYPE = YES_ERROR;
				GCC_WARN_UNDECLARED_SELECTOR = YES;
				GCC_WARN_UNINITIALIZED_AUTOS = YES_AGGRESSIVE;
				GCC_WARN_UNUSED_FUNCTION = YES;
				GCC_WARN_UNUSED_VARIABLE = YES;
				IPHONEOS_DEPLOYMENT_TARGET = 11.2;
				MTL_ENABLE_DEBUG_INFO = YES;
				ONLY_ACTIVE_ARCH = YES;
				SDKROOT = iphoneos;
				SWIFT_ACTIVE_COMPILATION_CONDITIONS = DEBUG;
				SWIFT_OPTIMIZATION_LEVEL = "-Onone";
			};
			name = Debug;
		};
		EF306822207998F1007B4F4B /* Release */ = {
			isa = XCBuildConfiguration;
			buildSettings = {
				ALWAYS_SEARCH_USER_PATHS = NO;
				CLANG_ANALYZER_NONNULL = YES;
				CLANG_ANALYZER_NUMBER_OBJECT_CONVERSION = YES_AGGRESSIVE;
				CLANG_CXX_LANGUAGE_STANDARD = "gnu++14";
				CLANG_CXX_LIBRARY = "libc++";
				CLANG_ENABLE_MODULES = YES;
				CLANG_ENABLE_OBJC_ARC = YES;
				CLANG_WARN_BLOCK_CAPTURE_AUTORELEASING = YES;
				CLANG_WARN_BOOL_CONVERSION = YES;
				CLANG_WARN_COMMA = YES;
				CLANG_WARN_CONSTANT_CONVERSION = YES;
				CLANG_WARN_DIRECT_OBJC_ISA_USAGE = YES_ERROR;
				CLANG_WARN_DOCUMENTATION_COMMENTS = YES;
				CLANG_WARN_EMPTY_BODY = YES;
				CLANG_WARN_ENUM_CONVERSION = YES;
				CLANG_WARN_INFINITE_RECURSION = YES;
				CLANG_WARN_INT_CONVERSION = YES;
				CLANG_WARN_NON_LITERAL_NULL_CONVERSION = YES;
				CLANG_WARN_OBJC_LITERAL_CONVERSION = YES;
				CLANG_WARN_OBJC_ROOT_CLASS = YES_ERROR;
				CLANG_WARN_RANGE_LOOP_ANALYSIS = YES;
				CLANG_WARN_STRICT_PROTOTYPES = YES;
				CLANG_WARN_SUSPICIOUS_MOVE = YES;
				CLANG_WARN_UNGUARDED_AVAILABILITY = YES_AGGRESSIVE;
				CLANG_WARN_UNREACHABLE_CODE = YES;
				CLANG_WARN__DUPLICATE_METHOD_MATCH = YES;
				CODE_SIGN_IDENTITY = "iPhone Developer";
				COPY_PHASE_STRIP = NO;
				DEBUG_INFORMATION_FORMAT = "dwarf-with-dsym";
				ENABLE_NS_ASSERTIONS = NO;
				ENABLE_STRICT_OBJC_MSGSEND = YES;
				GCC_C_LANGUAGE_STANDARD = gnu11;
				GCC_NO_COMMON_BLOCKS = YES;
				GCC_WARN_64_TO_32_BIT_CONVERSION = YES;
				GCC_WARN_ABOUT_RETURN_TYPE = YES_ERROR;
				GCC_WARN_UNDECLARED_SELECTOR = YES;
				GCC_WARN_UNINITIALIZED_AUTOS = YES_AGGRESSIVE;
				GCC_WARN_UNUSED_FUNCTION = YES;
				GCC_WARN_UNUSED_VARIABLE = YES;
				IPHONEOS_DEPLOYMENT_TARGET = 11.2;
				MTL_ENABLE_DEBUG_INFO = NO;
				SDKROOT = iphoneos;
				SWIFT_OPTIMIZATION_LEVEL = "-Owholemodule";
				VALIDATE_PRODUCT = YES;
			};
			name = Release;
		};
		EF306824207998F1007B4F4B /* Debug */ = {
			isa = XCBuildConfiguration;
			baseConfigurationReference = BC19B284AE3B0B4CEFA27507 /* Pods-AskAway.debug.xcconfig */;
			buildSettings = {
				ASSETCATALOG_COMPILER_APPICON_NAME = AppIcon;
				CODE_SIGN_STYLE = Automatic;
				DEVELOPMENT_TEAM = FWU4GS7RGH;
				INFOPLIST_FILE = AskAway/Info.plist;
				IPHONEOS_DEPLOYMENT_TARGET = 10.0;
				PRODUCT_BUNDLE_IDENTIFIER = com.dsalib.AskAway;
				PRODUCT_NAME = "$(TARGET_NAME)";
				SWIFT_VERSION = 4.0;
				TARGETED_DEVICE_FAMILY = "1,2";
			};
			name = Debug;
		};
		EF306825207998F1007B4F4B /* Release */ = {
			isa = XCBuildConfiguration;
			baseConfigurationReference = AEED0D166D7853550397D014 /* Pods-AskAway.release.xcconfig */;
			buildSettings = {
				ASSETCATALOG_COMPILER_APPICON_NAME = AppIcon;
				CODE_SIGN_STYLE = Automatic;
				DEVELOPMENT_TEAM = FWU4GS7RGH;
				INFOPLIST_FILE = AskAway/Info.plist;
				IPHONEOS_DEPLOYMENT_TARGET = 10.0;
				PRODUCT_BUNDLE_IDENTIFIER = com.dsalib.AskAway;
				PRODUCT_NAME = "$(TARGET_NAME)";
				SWIFT_VERSION = 4.0;
				TARGETED_DEVICE_FAMILY = "1,2";
			};
			name = Release;
		};
/* End XCBuildConfiguration section */

/* Begin XCConfigurationList section */
		EF30680C207998F1007B4F4B /* Build configuration list for PBXProject "AskAway" */ = {
			isa = XCConfigurationList;
			buildConfigurations = (
				EF306821207998F1007B4F4B /* Debug */,
				EF306822207998F1007B4F4B /* Release */,
			);
			defaultConfigurationIsVisible = 0;
			defaultConfigurationName = Release;
		};
		EF306823207998F1007B4F4B /* Build configuration list for PBXNativeTarget "AskAway" */ = {
			isa = XCConfigurationList;
			buildConfigurations = (
				EF306824207998F1007B4F4B /* Debug */,
				EF306825207998F1007B4F4B /* Release */,
			);
			defaultConfigurationIsVisible = 0;
			defaultConfigurationName = Release;
		};
/* End XCConfigurationList section */
	};
	rootObject = EF306809207998F1007B4F4B /* Project object */;
}
